Microsoft Visual Studio Solution File, Format Version 12.00
# Visual Studio Version 17
VisualStudioVersion = 17.5.2.0
MinimumVisualStudioVersion = 10.0.40219.1
Project("{FAE04EC0-301F-11D3-BF4B-00C04F79EFBC}") = "ProductGrpc", "ProductGrpc.csproj", "{9C3B38CB-A141-4A64-DBCB-AEC8E598F959}"
EndProject
Global
	GlobalSection(SolutionConfigurationPlatforms) = preSolution
		Debug|Any CPU = Debug|Any CPU
		Release|Any CPU = Release|Any CPU
	EndGlobalSection
	GlobalSection(ProjectConfigurationPlatforms) = postSolution
		{9C3B38CB-A141-4A64-DBCB-AEC8E598F959}.Debug|Any CPU.ActiveCfg = Debug|Any CPU
		{9C3B38CB-A141-4A64-DBCB-AEC8E598F959}.Debug|Any CPU.Build.0 = Debug|Any CPU
		{9C3B38CB-A141-4A64-DBCB-AEC8E598F959}.Release|Any CPU.ActiveCfg = Release|Any CPU
		{9C3B38CB-A141-4A64-DBCB-AEC8E598F959}.Release|Any CPU.Build.0 = Release|Any CPU
	EndGlobalSection
	GlobalSection(SolutionProperties) = preSolution
		HideSolutionNode = FALSE
	EndGlobalSection
	GlobalSection(ExtensibilityGlobals) = postSolution
		SolutionGuid = {2ADB3B24-592D-4EDF-840A-5833948FD03E}
	EndGlobalSection
EndGlobal
